
Microsoft Visual Studio Solution File, Format Version 12.00
# Visual Studio Version 17
VisualStudioVersion = 17.10.34928.147
MinimumVisualStudioVersion = 10.0.40219.1
Project("{9A19103F-16F7-4668-BE54-9A1E7A4F7556}") = "Koa", "Koa.csproj", "{6044CD30-2689-4143-9EC0-4B85DE40B239}"
EndProject
Global
	GlobalSection(SolutionConfigurationPlatforms) = preSolution
		Debug|Any CPU = Debug|Any CPU
		Release|Any CPU = Release|Any CPU
	EndGlobalSection
	GlobalSection(ProjectConfigurationPlatforms) = postSolution
		{6044CD30-2689-4143-9EC0-4B85DE40B239}.Debug|Any CPU.ActiveCfg = Debug|Any CPU
		{6044CD30-2689-4143-9EC0-4B85DE40B239}.Debug|Any CPU.Build.0 = Debug|Any CPU
		{6044CD30-2689-4143-9EC0-4B85DE40B239}.Release|Any CPU.ActiveCfg = Release|Any CPU
		{6044CD30-2689-4143-9EC0-4B85DE40B239}.Release|Any CPU.Build.0 = Release|Any CPU
	EndGlobalSection
	GlobalSection(SolutionProperties) = preSolution
		HideSolutionNode = FALSE
	EndGlobalSection
	GlobalSection(ExtensibilityGlobals) = postSolution
		SolutionGuid = {64B26B35-D182-4ECF-B6A5-82C0C458FC7A}
	EndGlobalSection
EndGlobal
